
Microsoft Visual Studio Solution File, Format Version 12.00
# Visual Studio Version 17
VisualStudioVersion = 17.0.31825.309
MinimumVisualStudioVersion = 10.0.40219.1
Project("{FAE04EC0-301F-11D3-BF4B-00C04F79EFBC}") = "BankKataOCR.Tests", "BankKataOCR.Tests\BankKataOCR.Tests.csproj", "{AA1FB5EA-2883-4739-A432-487848BDCDAD}"
EndProject
Project("{FAE04EC0-301F-11D3-BF4B-00C04F79EFBC}") = "BankKataOCR.Business", "..\BankKataOCR.Business\BankKataOCR.Business.csproj", "{6893652D-909B-47E1-BC9B-684D24CB7ED9}"
EndProject
Global
	GlobalSection(SolutionConfigurationPlatforms) = preSolution
		Debug|Any CPU = Debug|Any CPU
		Release|Any CPU = Release|Any CPU
	EndGlobalSection
	GlobalSection(ProjectConfigurationPlatforms) = postSolution
		{AA1FB5EA-2883-4739-A432-487848BDCDAD}.Debug|Any CPU.ActiveCfg = Debug|Any CPU
		{AA1FB5EA-2883-4739-A432-487848BDCDAD}.Debug|Any CPU.Build.0 = Debug|Any CPU
		{AA1FB5EA-2883-4739-A432-487848BDCDAD}.Release|Any CPU.ActiveCfg = Release|Any CPU
		{AA1FB5EA-2883-4739-A432-487848BDCDAD}.Release|Any CPU.Build.0 = Release|Any CPU
		{6893652D-909B-47E1-BC9B-684D24CB7ED9}.Debug|Any CPU.ActiveCfg = Debug|Any CPU
		{6893652D-909B-47E1-BC9B-684D24CB7ED9}.Debug|Any CPU.Build.0 = Debug|Any CPU
		{6893652D-909B-47E1-BC9B-684D24CB7ED9}.Release|Any CPU.ActiveCfg = Release|Any CPU
		{6893652D-909B-47E1-BC9B-684D24CB7ED9}.Release|Any CPU.Build.0 = Release|Any CPU
	EndGlobalSection
	GlobalSection(SolutionProperties) = preSolution
		HideSolutionNode = FALSE
	EndGlobalSection
	GlobalSection(ExtensibilityGlobals) = postSolution
		SolutionGuid = {768E76E7-103E-464D-9E31-2600AF03F075}
	EndGlobalSection
EndGlobal
